%{"connection": {:hex, :connection, "1.0.4", "a1cae72211f0eef17705aaededacac3eb30e6625b04a6117c1b2db6ace7d5976", [:mix], [], "hexpm"},
  "distillery": {:hex, :distillery, "1.4.1", "546d851bf27ae8fe0727e10e4fc4e146ad836eecee138263a60431e688044ed3", [], [], "hexpm"},
  "pbkdf2": {:hex, :pbkdf2, "2.0.0", "11c23279fded5c0027ab3996cfae77805521d7ef4babde2bd7ec04a9086cf499", [:rebar3], [], "hexpm"},
  "redix": {:hex, :redix, "0.6.1", "20986b0e02f02b13e6f53c79a1ae70aa83147488c408f40275ec261f5bb0a6d0", [:mix], [{:connection, "~> 1.0", [hex: :connection, repo: "hexpm", optional: false]}], "hexpm"}}
